
Microsoft Visual Studio Solution File, Format Version 12.00
# Visual Studio Version 16
VisualStudioVersion = 16.0.31005.135
MinimumVisualStudioVersion = 10.0.40219.1
Project("{FAE04EC0-301F-11D3-BF4B-00C04F79EFBC}") = "Rock Paper Scissors", "Rock Paper Scissors.csproj", "{2AFA83B8-43F5-4972-A2DD-1EB2BCFEE3E4}"
EndProject
Project("{FAE04EC0-301F-11D3-BF4B-00C04F79EFBC}") = "Rock Paper Scissors V2", "..\Rock Paper Scissors V2\Rock Paper Scissors V2.csproj", "{A94E0B18-74B4-4864-A459-B44395DFEA24}"
EndProject
Global
	GlobalSection(SolutionConfigurationPlatforms) = preSolution
		Debug|Any CPU = Debug|Any CPU
		Release|Any CPU = Release|Any CPU
	EndGlobalSection
	GlobalSection(ProjectConfigurationPlatforms) = postSolution
		{2AFA83B8-43F5-4972-A2DD-1EB2BCFEE3E4}.Debug|Any CPU.ActiveCfg = Debug|Any CPU
		{2AFA83B8-43F5-4972-A2DD-1EB2BCFEE3E4}.Debug|Any CPU.Build.0 = Debug|Any CPU
		{2AFA83B8-43F5-4972-A2DD-1EB2BCFEE3E4}.Release|Any CPU.ActiveCfg = Release|Any CPU
		{2AFA83B8-43F5-4972-A2DD-1EB2BCFEE3E4}.Release|Any CPU.Build.0 = Release|Any CPU
		{A94E0B18-74B4-4864-A459-B44395DFEA24}.Debug|Any CPU.ActiveCfg = Debug|Any CPU
		{A94E0B18-74B4-4864-A459-B44395DFEA24}.Debug|Any CPU.Build.0 = Debug|Any CPU
		{A94E0B18-74B4-4864-A459-B44395DFEA24}.Release|Any CPU.ActiveCfg = Release|Any CPU
		{A94E0B18-74B4-4864-A459-B44395DFEA24}.Release|Any CPU.Build.0 = Release|Any CPU
	EndGlobalSection
	GlobalSection(SolutionProperties) = preSolution
		HideSolutionNode = FALSE
	EndGlobalSection
	GlobalSection(ExtensibilityGlobals) = postSolution
		SolutionGuid = {199771A5-6AF5-4DC5-AC65-D235F747D6DD}
	EndGlobalSection
EndGlobal
